// !$*UTF8*$!
{
	archiveVersion = 1;
	classes = {
	};
	objectVersion = 50;
	objects = {

/* Begin PBXBuildFile section */
		52224F5720A04B04001CE8AB /* ProfileViewController.swift in Sources */ = {isa = PBXBuildFile; fileRef = 52224F5620A04B04001CE8AB /* ProfileViewController.swift */; };
		52499FD6209CBF9100F949D1 /* TwitchUserSearcher.swift in Sources */ = {isa = PBXBuildFile; fileRef = 52499FD5209CBF9100F949D1 /* TwitchUserSearcher.swift */; };
		524FF3C9209F38CA005AFCDF /* UserInfoStruct.swift in Sources */ = {isa = PBXBuildFile; fileRef = 524FF3C8209F38CA005AFCDF /* UserInfoStruct.swift */; };
		5272F027209F26800003AE4A /* Parameters.swift in Sources */ = {isa = PBXBuildFile; fileRef = 5272F026209F26800003AE4A /* Parameters.swift */; };
		529E70C22094E6F6004F9877 /* AppDelegate.swift in Sources */ = {isa = PBXBuildFile; fileRef = 529E70C12094E6F6004F9877 /* AppDelegate.swift */; };
		529E70C42094E6F6004F9877 /* SearchViewController.swift in Sources */ = {isa = PBXBuildFile; fileRef = 529E70C32094E6F6004F9877 /* SearchViewController.swift */; };
		529E70C92094E6F7004F9877 /* Assets.xcassets in Resources */ = {isa = PBXBuildFile; fileRef = 529E70C82094E6F7004F9877 /* Assets.xcassets */; };
		529E70CC2094E6F7004F9877 /* LaunchScreen.storyboard in Resources */ = {isa = PBXBuildFile; fileRef = 529E70CA2094E6F7004F9877 /* LaunchScreen.storyboard */; };
		529F67DB20978C0300B31C4B /* pitt.jpg in Resources */ = {isa = PBXBuildFile; fileRef = 529F67DA20978C0300B31C4B /* pitt.jpg */; };
		52BC783B209503770022F4B7 /* SearchBarController.swift in Sources */ = {isa = PBXBuildFile; fileRef = 52BC783A209503770022F4B7 /* SearchBarController.swift */; };
		52BC783D2095164C0022F4B7 /* UsersCollectionView.swift in Sources */ = {isa = PBXBuildFile; fileRef = 52BC783C2095164C0022F4B7 /* UsersCollectionView.swift */; };
		52BC783F209533BA0022F4B7 /* twitch.ttf in Resources */ = {isa = PBXBuildFile; fileRef = 52BC783E2095330F0022F4B7 /* twitch.ttf */; };
		52BC7842209539E60022F4B7 /* TwitchUserCell.swift in Sources */ = {isa = PBXBuildFile; fileRef = 52BC7841209539E60022F4B7 /* TwitchUserCell.swift */; };
/* End PBXBuildFile section */

/* Begin PBXFileReference section */
		52224F5620A04B04001CE8AB /* ProfileViewController.swift */ = {isa = PBXFileReference; lastKnownFileType = sourcecode.swift; path = ProfileViewController.swift; sourceTree = "<group>"; };
		523C260320A774100020EAC0 /* README.md */ = {isa = PBXFileReference; lastKnownFileType = net.daringfireball.markdown; path = README.md; sourceTree = "<group>"; };
		52499FD5209CBF9100F949D1 /* TwitchUserSearcher.swift */ = {isa = PBXFileReference; lastKnownFileType = sourcecode.swift; path = TwitchUserSearcher.swift; sourceTree = "<group>"; };
		524FF3C8209F38CA005AFCDF /* UserInfoStruct.swift */ = {isa = PBXFileReference; lastKnownFileType = sourcecode.swift; path = UserInfoStruct.swift; sourceTree = "<group>"; };
		5272F026209F26800003AE4A /* Parameters.swift */ = {isa = PBXFileReference; lastKnownFileType = sourcecode.swift; path = Parameters.swift; sourceTree = "<group>"; };
		529E70BE2094E6F6004F9877 /* TwitchUsers.app */ = {isa = PBXFileReference; explicitFileType = wrapper.application; includeInIndex = 0; path = TwitchUsers.app; sourceTree = BUILT_PRODUCTS_DIR; };
		529E70C12094E6F6004F9877 /* AppDelegate.swift */ = {isa = PBXFileReference; lastKnownFileType = sourcecode.swift; path = AppDelegate.swift; sourceTree = "<group>"; };
		529E70C32094E6F6004F9877 /* SearchViewController.swift */ = {isa = PBXFileReference; lastKnownFileType = sourcecode.swift; path = SearchViewController.swift; sourceTree = "<group>"; };
		529E70C82094E6F7004F9877 /* Assets.xcassets */ = {isa = PBXFileReference; lastKnownFileType = folder.assetcatalog; path = Assets.xcassets; sourceTree = "<group>"; };
		529E70CB2094E6F7004F9877 /* Base */ = {isa = PBXFileReference; lastKnownFileType = file.storyboard; name = Base; path = Base.lproj/LaunchScreen.storyboard; sourceTree = "<group>"; };
		529E70CD2094E6F7004F9877 /* Info.plist */ = {isa = PBXFileReference; lastKnownFileType = text.plist.xml; path = Info.plist; sourceTree = "<group>"; };
		529F67DA20978C0300B31C4B /* pitt.jpg */ = {isa = PBXFileReference; lastKnownFileType = image.jpeg; path = pitt.jpg; sourceTree = "<group>"; };
		52BC783A209503770022F4B7 /* SearchBarController.swift */ = {isa = PBXFileReference; lastKnownFileType = sourcecode.swift; path = SearchBarController.swift; sourceTree = "<group>"; };
		52BC783C2095164C0022F4B7 /* UsersCollectionView.swift */ = {isa = PBXFileReference; lastKnownFileType = sourcecode.swift; path = UsersCollectionView.swift; sourceTree = "<group>"; };
		52BC783E2095330F0022F4B7 /* twitch.ttf */ = {isa = PBXFileReference; lastKnownFileType = file; path = twitch.ttf; sourceTree = "<group>"; };
		52BC7841209539E60022F4B7 /* TwitchUserCell.swift */ = {isa = PBXFileReference; lastKnownFileType = sourcecode.swift; path = TwitchUserCell.swift; sourceTree = "<group>"; };
/* End PBXFileReference section */

/* Begin PBXFrameworksBuildPhase section */
		529E70BB2094E6F6004F9877 /* Frameworks */ = {
			isa = PBXFrameworksBuildPhase;
			buildActionMask = 2147483647;
			files = (
			);
			runOnlyForDeploymentPostprocessing = 0;
		};
/* End PBXFrameworksBuildPhase section */

/* Begin PBXGroup section */
		529E70B52094E6F6004F9877 = {
			isa = PBXGroup;
			children = (
				523C260320A774100020EAC0 /* README.md */,
				529E70C02094E6F6004F9877 /* TwitchUsers */,
				529E70BF2094E6F6004F9877 /* Products */,
			);
			sourceTree = "<group>";
		};
		529E70BF2094E6F6004F9877 /* Products */ = {
			isa = PBXGroup;
			children = (
				529E70BE2094E6F6004F9877 /* TwitchUsers.app */,
			);
			name = Products;
			sourceTree = "<group>";
		};
		529E70C02094E6F6004F9877 /* TwitchUsers */ = {
			isa = PBXGroup;
			children = (
				529E70C12094E6F6004F9877 /* AppDelegate.swift */,
				52F67DDF2098C0240032D121 /* ViewControllers */,
				5272F026209F26800003AE4A /* Parameters.swift */,
				52BC7841209539E60022F4B7 /* TwitchUserCell.swift */,
				52499FD5209CBF9100F949D1 /* TwitchUserSearcher.swift */,
				524FF3C8209F38CA005AFCDF /* UserInfoStruct.swift */,
				529E70CA2094E6F7004F9877 /* LaunchScreen.storyboard */,
				529E70CD2094E6F7004F9877 /* Info.plist */,
				52BC7840209535B90022F4B7 /* Resources */,
			);
			path = TwitchUsers;
			sourceTree = "<group>";
		};
		52BC7840209535B90022F4B7 /* Resources */ = {
			isa = PBXGroup;
			children = (
				529F67DA20978C0300B31C4B /* pitt.jpg */,
				529E70C82094E6F7004F9877 /* Assets.xcassets */,
				52BC783E2095330F0022F4B7 /* twitch.ttf */,
			);
			path = Resources;
			sourceTree = "<group>";
		};
		52F67DDF2098C0240032D121 /* ViewControllers */ = {
			isa = PBXGroup;
			children = (
				529E70C32094E6F6004F9877 /* SearchViewController.swift */,
				52BC783A209503770022F4B7 /* SearchBarController.swift */,
				52224F5620A04B04001CE8AB /* ProfileViewController.swift */,
				52BC783C2095164C0022F4B7 /* UsersCollectionView.swift */,
			);
			path = ViewControllers;
			sourceTree = "<group>";
		};
/* End PBXGroup section */

/* Begin PBXNativeTarget section */
		529E70BD2094E6F6004F9877 /* TwitchUsers */ = {
			isa = PBXNativeTarget;
			buildConfigurationList = 529E70D02094E6F7004F9877 /* Build configuration list for PBXNativeTarget "TwitchUsers" */;
			buildPhases = (
				529E70BA2094E6F6004F9877 /* Sources */,
				529E70BB2094E6F6004F9877 /* Frameworks */,
				529E70BC2094E6F6004F9877 /* Resources */,
			);
			buildRules = (
			);
			dependencies = (
			);
			name = TwitchUsers;
			productName = TwitchUsers;
			productReference = 529E70BE2094E6F6004F9877 /* TwitchUsers.app */;
			productType = "com.apple.product-type.application";
		};
/* End PBXNativeTarget section */

/* Begin PBXProject section */
		529E70B62094E6F6004F9877 /* Project object */ = {
			isa = PBXProject;
			attributes = {
				LastSwiftUpdateCheck = 0930;
				LastUpgradeCheck = 0930;
				ORGANIZATIONNAME = Dimasno1;
				TargetAttributes = {
					529E70BD2094E6F6004F9877 = {
						CreatedOnToolsVersion = 9.3;
					};
				};
			};
			buildConfigurationList = 529E70B92094E6F6004F9877 /* Build configuration list for PBXProject "TwitchUsers" */;
			compatibilityVersion = "Xcode 9.3";
			developmentRegion = en;
			hasScannedForEncodings = 0;
			knownRegions = (
				en,
				Base,
			);
			mainGroup = 529E70B52094E6F6004F9877;
			productRefGroup = 529E70BF2094E6F6004F9877 /* Products */;
			projectDirPath = "";
			projectRoot = "";
			targets = (
				529E70BD2094E6F6004F9877 /* TwitchUsers */,
			);
		};
/* End PBXProject section */

/* Begin PBXResourcesBuildPhase section */
		529E70BC2094E6F6004F9877 /* Resources */ = {
			isa = PBXResourcesBuildPhase;
			buildActionMask = 2147483647;
			files = (
				52BC783F209533BA0022F4B7 /* twitch.ttf in Resources */,
				529F67DB20978C0300B31C4B /* pitt.jpg in Resources */,
				529E70CC2094E6F7004F9877 /* LaunchScreen.storyboard in Resources */,
				529E70C92094E6F7004F9877 /* Assets.xcassets in Resources */,
			);
			runOnlyForDeploymentPostprocessing = 0;
		};
/* End PBXResourcesBuildPhase section */

/* Begin PBXSourcesBuildPhase section */
		529E70BA2094E6F6004F9877 /* Sources */ = {
			isa = PBXSourcesBuildPhase;
			buildActionMask = 2147483647;
			files = (
				529E70C42094E6F6004F9877 /* SearchViewController.swift in Sources */,
				5272F027209F26800003AE4A /* Parameters.swift in Sources */,
				52BC7842209539E60022F4B7 /* TwitchUserCell.swift in Sources */,
				52BC783D2095164C0022F4B7 /* UsersCollectionView.swift in Sources */,
				52BC783B209503770022F4B7 /* SearchBarController.swift in Sources */,
				52499FD6209CBF9100F949D1 /* TwitchUserSearcher.swift in Sources */,
				52224F5720A04B04001CE8AB /* ProfileViewController.swift in Sources */,
				529E70C22094E6F6004F9877 /* AppDelegate.swift in Sources */,
				524FF3C9209F38CA005AFCDF /* UserInfoStruct.swift in Sources */,
			);
			runOnlyForDeploymentPostprocessing = 0;
		};
/* End PBXSourcesBuildPhase section */

/* Begin PBXVariantGroup section */
		529E70CA2094E6F7004F9877 /* LaunchScreen.storyboard */ = {
			isa = PBXVariantGroup;
			children = (
				529E70CB2094E6F7004F9877 /* Base */,
			);
			name = LaunchScreen.storyboard;
			sourceTree = "<group>";
		};
/* End PBXVariantGroup section */

/* Begin XCBuildConfiguration section */
		529E70CE2094E6F7004F9877 /* Debug */ = {
			isa = XCBuildConfiguration;
			buildSettings = {
				ALWAYS_SEARCH_USER_PATHS = NO;
				CLANG_ANALYZER_NONNULL = YES;
				CLANG_ANALYZER_NUMBER_OBJECT_CONVERSION = YES_AGGRESSIVE;
				CLANG_CXX_LANGUAGE_STANDARD = "gnu++14";
				CLANG_CXX_LIBRARY = "libc++";
				CLANG_ENABLE_MODULES = YES;
				CLANG_ENABLE_OBJC_ARC = YES;
				CLANG_ENABLE_OBJC_WEAK = YES;
				CLANG_WARN_BLOCK_CAPTURE_AUTORELEASING = YES;
				CLANG_WARN_BOOL_CONVERSION = YES;
				CLANG_WARN_COMMA = YES;
				CLANG_WARN_CONSTANT_CONVERSION = YES;
				CLANG_WARN_DEPRECATED_OBJC_IMPLEMENTATIONS = YES;
				CLANG_WARN_DIRECT_OBJC_ISA_USAGE = YES_ERROR;
				CLANG_WARN_DOCUMENTATION_COMMENTS = YES;
				CLANG_WARN_EMPTY_BODY = YES;
				CLANG_WARN_ENUM_CONVERSION = YES;
				CLANG_WARN_INFINITE_RECURSION = YES;
				CLANG_WARN_INT_CONVERSION = YES;
				CLANG_WARN_NON_LITERAL_NULL_CONVERSION = YES;
				CLANG_WARN_OBJC_IMPLICIT_RETAIN_SELF = YES;
				CLANG_WARN_OBJC_LITERAL_CONVERSION = YES;
				CLANG_WARN_OBJC_ROOT_CLASS = YES_ERROR;
				CLANG_WARN_RANGE_LOOP_ANALYSIS = YES;
				CLANG_WARN_STRICT_PROTOTYPES = YES;
				CLANG_WARN_SUSPICIOUS_MOVE = YES;
				CLANG_WARN_UNGUARDED_AVAILABILITY = YES_AGGRESSIVE;
				CLANG_WARN_UNREACHABLE_CODE = YES;
				CLANG_WARN__DUPLICATE_METHOD_MATCH = YES;
				CODE_SIGN_IDENTITY = "iPhone Developer";
				COPY_PHASE_STRIP = NO;
				DEBUG_INFORMATION_FORMAT = dwarf;
				ENABLE_STRICT_OBJC_MSGSEND = YES;
				ENABLE_TESTABILITY = YES;
				GCC_C_LANGUAGE_STANDARD = gnu11;
				GCC_DYNAMIC_NO_PIC = NO;
				GCC_NO_COMMON_BLOCKS = YES;
				GCC_OPTIMIZATION_LEVEL = 0;
				GCC_PREPROCESSOR_DEFINITIONS = (
					"DEBUG=1",
					"$(inherited)",
				);
				GCC_WARN_64_TO_32_BIT_CONVERSION = YES;
				GCC_WARN_ABOUT_RETURN_TYPE = YES_ERROR;
				GCC_WARN_UNDECLARED_SELECTOR = YES;
				GCC_WARN_UNINITIALIZED_AUTOS = YES_AGGRESSIVE;
				GCC_WARN_UNUSED_FUNCTION = YES;
				GCC_WARN_UNUSED_VARIABLE = YES;
				IPHONEOS_DEPLOYMENT_TARGET = 11.3;
				MTL_ENABLE_DEBUG_INFO = YES;
				ONLY_ACTIVE_ARCH = YES;
				SDKROOT = iphoneos;
				SWIFT_ACTIVE_COMPILATION_CONDITIONS = DEBUG;
				SWIFT_OPTIMIZATION_LEVEL = "-Onone";
			};
			name = Debug;
		};
		529E70CF2094E6F7004F9877 /* Release */ = {
			isa = XCBuildConfiguration;
			buildSettings = {
				ALWAYS_SEARCH_USER_PATHS = NO;
				CLANG_ANALYZER_NONNULL = YES;
				CLANG_ANALYZER_NUMBER_OBJECT_CONVERSION = YES_AGGRESSIVE;
				CLANG_CXX_LANGUAGE_STANDARD = "gnu++14";
				CLANG_CXX_LIBRARY = "libc++";
				CLANG_ENABLE_MODULES = YES;
				CLANG_ENABLE_OBJC_ARC = YES;
				CLANG_ENABLE_OBJC_WEAK = YES;
				CLANG_WARN_BLOCK_CAPTURE_AUTORELEASING = YES;
				CLANG_WARN_BOOL_CONVERSION = YES;
				CLANG_WARN_COMMA = YES;
				CLANG_WARN_CONSTANT_CONVERSION = YES;
				CLANG_WARN_DEPRECATED_OBJC_IMPLEMENTATIONS = YES;
				CLANG_WARN_DIRECT_OBJC_ISA_USAGE = YES_ERROR;
				CLANG_WARN_DOCUMENTATION_COMMENTS = YES;
				CLANG_WARN_EMPTY_BODY = YES;
				CLANG_WARN_ENUM_CONVERSION = YES;
				CLANG_WARN_INFINITE_RECURSION = YES;
				CLANG_WARN_INT_CONVERSION = YES;
				CLANG_WARN_NON_LITERAL_NULL_CONVERSION = YES;
				CLANG_WARN_OBJC_IMPLICIT_RETAIN_SELF = YES;
				CLANG_WARN_OBJC_LITERAL_CONVERSION = YES;
				CLANG_WARN_OBJC_ROOT_CLASS = YES_ERROR;
				CLANG_WARN_RANGE_LOOP_ANALYSIS = YES;
				CLANG_WARN_STRICT_PROTOTYPES = YES;
				CLANG_WARN_SUSPICIOUS_MOVE = YES;
				CLANG_WARN_UNGUARDED_AVAILABILITY = YES_AGGRESSIVE;
				CLANG_WARN_UNREACHABLE_CODE = YES;
				CLANG_WARN__DUPLICATE_METHOD_MATCH = YES;
				CODE_SIGN_IDENTITY = "iPhone Developer";
				COPY_PHASE_STRIP = NO;
				DEBUG_INFORMATION_FORMAT = "dwarf-with-dsym";
				ENABLE_NS_ASSERTIONS = NO;
				ENABLE_STRICT_OBJC_MSGSEND = YES;
				GCC_C_LANGUAGE_STANDARD = gnu11;
				GCC_NO_COMMON_BLOCKS = YES;
				GCC_WARN_64_TO_32_BIT_CONVERSION = YES;
				GCC_WARN_ABOUT_RETURN_TYPE = YES_ERROR;
				GCC_WARN_UNDECLARED_SELECTOR = YES;
				GCC_WARN_UNINITIALIZED_AUTOS = YES_AGGRESSIVE;
				GCC_WARN_UNUSED_FUNCTION = YES;
				GCC_WARN_UNUSED_VARIABLE = YES;
				IPHONEOS_DEPLOYMENT_TARGET = 11.3;
				MTL_ENABLE_DEBUG_INFO = NO;
				SDKROOT = iphoneos;
				SWIFT_COMPILATION_MODE = wholemodule;
				SWIFT_OPTIMIZATION_LEVEL = "-O";
				VALIDATE_PRODUCT = YES;
			};
			name = Release;
		};
		529E70D12094E6F7004F9877 /* Debug */ = {
			isa = XCBuildConfiguration;
			buildSettings = {
				ASSETCATALOG_COMPILER_APPICON_NAME = AppIcon;
				CODE_SIGN_STYLE = Automatic;
				DEVELOPMENT_TEAM = P99EM85EA2;
				INFOPLIST_FILE = TwitchUsers/Info.plist;
				LD_RUNPATH_SEARCH_PATHS = (
					"$(inherited)",
					"@executable_path/Frameworks",
				);
				PRODUCT_BUNDLE_IDENTIFIER = dimas.TwitchUsers;
				PRODUCT_NAME = "$(TARGET_NAME)";
				SWIFT_VERSION = 4.0;
				TARGETED_DEVICE_FAMILY = "1,2";
			};
			name = Debug;
		};
		529E70D22094E6F7004F9877 /* Release */ = {
			isa = XCBuildConfiguration;
			buildSettings = {
				ASSETCATALOG_COMPILER_APPICON_NAME = AppIcon;
				CODE_SIGN_STYLE = Automatic;
				DEVELOPMENT_TEAM = P99EM85EA2;
				INFOPLIST_FILE = TwitchUsers/Info.plist;
				LD_RUNPATH_SEARCH_PATHS = (
					"$(inherited)",
					"@executable_path/Frameworks",
				);
				PRODUCT_BUNDLE_IDENTIFIER = dimas.TwitchUsers;
				PRODUCT_NAME = "$(TARGET_NAME)";
				SWIFT_VERSION = 4.0;
				TARGETED_DEVICE_FAMILY = "1,2";
			};
			name = Release;
		};
/* End XCBuildConfiguration section */

/* Begin XCConfigurationList section */
		529E70B92094E6F6004F9877 /* Build configuration list for PBXProject "TwitchUsers" */ = {
			isa = XCConfigurationList;
			buildConfigurations = (
				529E70CE2094E6F7004F9877 /* Debug */,
				529E70CF2094E6F7004F9877 /* Release */,
			);
			defaultConfigurationIsVisible = 0;
			defaultConfigurationName = Release;
		};
		529E70D02094E6F7004F9877 /* Build configuration list for PBXNativeTarget "TwitchUsers" */ = {
			isa = XCConfigurationList;
			buildConfigurations = (
				529E70D12094E6F7004F9877 /* Debug */,
				529E70D22094E6F7004F9877 /* Release */,
			);
			defaultConfigurationIsVisible = 0;
			defaultConfigurationName = Release;
		};
/* End XCConfigurationList section */
	};
	rootObject = 529E70B62094E6F6004F9877 /* Project object */;
}
